
Microsoft Visual Studio Solution File, Format Version 11.00
# Visual Studio 2010
Project("{8BC9CEB8-8B4A-11D0-8D11-00A0C91BC942}") = "ShellExtension", "ShellExtension\ShellExtension.vcxproj", "{0DFF14C5-20B6-476A-BAB4-B72C175D231A}"
EndProject
Project("{8BC9CEB8-8B4A-11D0-8D11-00A0C91BC942}") = "ShellExtensionPS", "ShellExtension\ShellExtensionPS.vcxproj", "{E52DB59C-CFED-40B0-BEAF-97464BE2A54B}"
	ProjectSection(ProjectDependencies) = postProject
		{0DFF14C5-20B6-476A-BAB4-B72C175D231A} = {0DFF14C5-20B6-476A-BAB4-B72C175D231A}
	EndProjectSection
EndProject
Global
	GlobalSection(SolutionConfigurationPlatforms) = preSolution
		Debug|Win32 = Debug|Win32
		Debug|x64 = Debug|x64
		Release|Win32 = Release|Win32
		Release|x64 = Release|x64
	EndGlobalSection
	GlobalSection(ProjectConfigurationPlatforms) = postSolution
		{0DFF14C5-20B6-476A-BAB4-B72C175D231A}.Debug|Win32.ActiveCfg = Debug|Win32
		{0DFF14C5-20B6-476A-BAB4-B72C175D231A}.Debug|Win32.Build.0 = Debug|Win32
		{0DFF14C5-20B6-476A-BAB4-B72C175D231A}.Debug|x64.ActiveCfg = Debug|x64
		{0DFF14C5-20B6-476A-BAB4-B72C175D231A}.Debug|x64.Build.0 = Debug|x64
		{0DFF14C5-20B6-476A-BAB4-B72C175D231A}.Release|Win32.ActiveCfg = Release|Win32
		{0DFF14C5-20B6-476A-BAB4-B72C175D231A}.Release|Win32.Build.0 = Release|Win32
		{0DFF14C5-20B6-476A-BAB4-B72C175D231A}.Release|x64.ActiveCfg = Release|x64
		{0DFF14C5-20B6-476A-BAB4-B72C175D231A}.Release|x64.Build.0 = Release|x64
		{E52DB59C-CFED-40B0-BEAF-97464BE2A54B}.Debug|Win32.ActiveCfg = Debug|Win32
		{E52DB59C-CFED-40B0-BEAF-97464BE2A54B}.Debug|Win32.Build.0 = Debug|Win32
		{E52DB59C-CFED-40B0-BEAF-97464BE2A54B}.Debug|x64.ActiveCfg = Debug|x64
		{E52DB59C-CFED-40B0-BEAF-97464BE2A54B}.Debug|x64.Build.0 = Debug|x64
		{E52DB59C-CFED-40B0-BEAF-97464BE2A54B}.Release|Win32.ActiveCfg = Release|Win32
		{E52DB59C-CFED-40B0-BEAF-97464BE2A54B}.Release|Win32.Build.0 = Release|Win32
		{E52DB59C-CFED-40B0-BEAF-97464BE2A54B}.Release|x64.ActiveCfg = Release|x64
		{E52DB59C-CFED-40B0-BEAF-97464BE2A54B}.Release|x64.Build.0 = Release|x64
	EndGlobalSection
	GlobalSection(SolutionProperties) = preSolution
		HideSolutionNode = FALSE
	EndGlobalSection
EndGlobal
